
Microsoft Visual Studio Solution File, Format Version 12.00
# Visual Studio Version 17
VisualStudioVersion = 17.1.32407.343
MinimumVisualStudioVersion = 10.0.40219.1
Project("{9A19103F-16F7-4668-BE54-9A1E7A4F7556}") = "AntiCounterBot", "AntiCounterBot\AntiCounterBot.csproj", "{4A6B3A96-E0F0-47EB-9BFA-13C08FF778C3}"
EndProject
Project("{9A19103F-16F7-4668-BE54-9A1E7A4F7556}") = "MarketUtility", "MarketUtility\MarketUtility.csproj", "{6BC39C12-CF49-4BE1-BF14-4094BA00A300}"
EndProject
Project("{9A19103F-16F7-4668-BE54-9A1E7A4F7556}") = "External", "Library\External.csproj", "{CA288947-BF6A-44A1-B7E6-6FD5A5502587}"
EndProject
Global
	GlobalSection(SolutionConfigurationPlatforms) = preSolution
		Debug|Any CPU = Debug|Any CPU
		Release|Any CPU = Release|Any CPU
	EndGlobalSection
	GlobalSection(ProjectConfigurationPlatforms) = postSolution
		{4A6B3A96-E0F0-47EB-9BFA-13C08FF778C3}.Debug|Any CPU.ActiveCfg = Debug|Any CPU
		{4A6B3A96-E0F0-47EB-9BFA-13C08FF778C3}.Debug|Any CPU.Build.0 = Debug|Any CPU
		{4A6B3A96-E0F0-47EB-9BFA-13C08FF778C3}.Release|Any CPU.ActiveCfg = Release|Any CPU
		{4A6B3A96-E0F0-47EB-9BFA-13C08FF778C3}.Release|Any CPU.Build.0 = Release|Any CPU
		{6BC39C12-CF49-4BE1-BF14-4094BA00A300}.Debug|Any CPU.ActiveCfg = Debug|Any CPU
		{6BC39C12-CF49-4BE1-BF14-4094BA00A300}.Debug|Any CPU.Build.0 = Debug|Any CPU
		{6BC39C12-CF49-4BE1-BF14-4094BA00A300}.Release|Any CPU.ActiveCfg = Release|Any CPU
		{6BC39C12-CF49-4BE1-BF14-4094BA00A300}.Release|Any CPU.Build.0 = Release|Any CPU
		{CA288947-BF6A-44A1-B7E6-6FD5A5502587}.Debug|Any CPU.ActiveCfg = Debug|Any CPU
		{CA288947-BF6A-44A1-B7E6-6FD5A5502587}.Debug|Any CPU.Build.0 = Debug|Any CPU
		{CA288947-BF6A-44A1-B7E6-6FD5A5502587}.Release|Any CPU.ActiveCfg = Release|Any CPU
		{CA288947-BF6A-44A1-B7E6-6FD5A5502587}.Release|Any CPU.Build.0 = Release|Any CPU
	EndGlobalSection
	GlobalSection(SolutionProperties) = preSolution
		HideSolutionNode = FALSE
	EndGlobalSection
	GlobalSection(ExtensibilityGlobals) = postSolution
		SolutionGuid = {6593EA73-2478-40EB-9843-15C3101EE3EB}
	EndGlobalSection
EndGlobal
